
Microsoft Visual Studio Solution File, Format Version 12.00
# Visual Studio Version 17
VisualStudioVersion = 17.11.35222.181
MinimumVisualStudioVersion = 10.0.40219.1
Project("{FAE04EC0-301F-11D3-BF4B-00C04F79EFBC}") = "08_HttpClass", "08_HttpClass\08_HttpClass.csproj", "{D46A7FE5-E3B3-4AB3-8EA2-C0AF8CABD72C}"
EndProject
Global
	GlobalSection(SolutionConfigurationPlatforms) = preSolution
		Debug|Any CPU = Debug|Any CPU
		Release|Any CPU = Release|Any CPU
	EndGlobalSection
	GlobalSection(ProjectConfigurationPlatforms) = postSolution
		{D46A7FE5-E3B3-4AB3-8EA2-C0AF8CABD72C}.Debug|Any CPU.ActiveCfg = Debug|Any CPU
		{D46A7FE5-E3B3-4AB3-8EA2-C0AF8CABD72C}.Debug|Any CPU.Build.0 = Debug|Any CPU
		{D46A7FE5-E3B3-4AB3-8EA2-C0AF8CABD72C}.Release|Any CPU.ActiveCfg = Release|Any CPU
		{D46A7FE5-E3B3-4AB3-8EA2-C0AF8CABD72C}.Release|Any CPU.Build.0 = Release|Any CPU
	EndGlobalSection
	GlobalSection(SolutionProperties) = preSolution
		HideSolutionNode = FALSE
	EndGlobalSection
	GlobalSection(ExtensibilityGlobals) = postSolution
		SolutionGuid = {D4A9F196-2312-4FD3-BEF8-BDF91DBCDDD9}
	EndGlobalSection
EndGlobal
